
Microsoft Visual Studio Solution File, Format Version 12.00
# Visual Studio Version 17
VisualStudioVersion = 17.2.32526.322
MinimumVisualStudioVersion = 10.0.40219.1
Project("{FAE04EC0-301F-11D3-BF4B-00C04F79EFBC}") = "ApiVirtualStore", "ApiVirtualStore\ApiVirtualStore.csproj", "{36F4F962-7229-49F6-BCED-7B4B30F00A3E}"
EndProject
Global
	GlobalSection(SolutionConfigurationPlatforms) = preSolution
		Debug|Any CPU = Debug|Any CPU
		Release|Any CPU = Release|Any CPU
	EndGlobalSection
	GlobalSection(ProjectConfigurationPlatforms) = postSolution
		{36F4F962-7229-49F6-BCED-7B4B30F00A3E}.Debug|Any CPU.ActiveCfg = Debug|Any CPU
		{36F4F962-7229-49F6-BCED-7B4B30F00A3E}.Debug|Any CPU.Build.0 = Debug|Any CPU
		{36F4F962-7229-49F6-BCED-7B4B30F00A3E}.Release|Any CPU.ActiveCfg = Release|Any CPU
		{36F4F962-7229-49F6-BCED-7B4B30F00A3E}.Release|Any CPU.Build.0 = Release|Any CPU
	EndGlobalSection
	GlobalSection(SolutionProperties) = preSolution
		HideSolutionNode = FALSE
	EndGlobalSection
	GlobalSection(ExtensibilityGlobals) = postSolution
		SolutionGuid = {8BC23DEA-DEF3-4C68-8ACC-1163992DDFF7}
	EndGlobalSection
EndGlobal
